
Microsoft Visual Studio Solution File, Format Version 12.00
# Visual Studio Version 17
VisualStudioVersion = 17.1.32210.238
MinimumVisualStudioVersion = 10.0.40219.1
Project("{FAE04EC0-301F-11D3-BF4B-00C04F79EFBC}") = "DeltaPlugin", "DeltaPlugin.csproj", "{30ED5C5C-62D2-4D1D-B2E2-5DABA9F4E8AD}"
EndProject
Project("{911E67C6-3D85-4FCE-B560-20A9C3E3FF48}") = "DMC", "C:\Program Files\DMC\DMC Demo 1.6.6\DMC.exe", "{EE4E98FD-FEA0-4912-9C29-0E22AD9CC4B4}"
	ProjectSection(DebuggerProjectSystem) = preProject
		PortSupplier = 00000000-0000-0000-0000-000000000000
		Executable = C:\Program Files\DMC\DMC Demo 1.6.6\DMC.exe
		RemoteMachine = SAULIUSBALTRUSA
		StartingDirectory = C:\Program Files\DMC\DMC Demo 1.6.6
		Environment = Default
		LaunchingEngine = 00000000-0000-0000-0000-000000000000
		UseLegacyDebugEngines = No
		LaunchSQLEngine = No
		AttachLaunchAction = No
		IORedirection = Auto
	EndProjectSection
EndProject
Global
	GlobalSection(SolutionConfigurationPlatforms) = preSolution
		Debug|Any CPU = Debug|Any CPU
		Debug|x64 = Debug|x64
		Release|Any CPU = Release|Any CPU
		Release|x64 = Release|x64
	EndGlobalSection
	GlobalSection(ProjectConfigurationPlatforms) = postSolution
		{30ED5C5C-62D2-4D1D-B2E2-5DABA9F4E8AD}.Debug|Any CPU.ActiveCfg = Debug|Any CPU
		{30ED5C5C-62D2-4D1D-B2E2-5DABA9F4E8AD}.Debug|Any CPU.Build.0 = Debug|Any CPU
		{30ED5C5C-62D2-4D1D-B2E2-5DABA9F4E8AD}.Debug|x64.ActiveCfg = Debug|Any CPU
		{30ED5C5C-62D2-4D1D-B2E2-5DABA9F4E8AD}.Debug|x64.Build.0 = Debug|Any CPU
		{30ED5C5C-62D2-4D1D-B2E2-5DABA9F4E8AD}.Release|Any CPU.ActiveCfg = Release|Any CPU
		{30ED5C5C-62D2-4D1D-B2E2-5DABA9F4E8AD}.Release|Any CPU.Build.0 = Release|Any CPU
		{30ED5C5C-62D2-4D1D-B2E2-5DABA9F4E8AD}.Release|x64.ActiveCfg = Release|Any CPU
		{30ED5C5C-62D2-4D1D-B2E2-5DABA9F4E8AD}.Release|x64.Build.0 = Release|Any CPU
		{EE4E98FD-FEA0-4912-9C29-0E22AD9CC4B4}.Debug|Any CPU.ActiveCfg = Release|x64
		{EE4E98FD-FEA0-4912-9C29-0E22AD9CC4B4}.Debug|x64.ActiveCfg = Release|x64
		{EE4E98FD-FEA0-4912-9C29-0E22AD9CC4B4}.Release|Any CPU.ActiveCfg = Release|x64
		{EE4E98FD-FEA0-4912-9C29-0E22AD9CC4B4}.Release|x64.ActiveCfg = Release|x64
	EndGlobalSection
	GlobalSection(SolutionProperties) = preSolution
		HideSolutionNode = FALSE
	EndGlobalSection
	GlobalSection(ExtensibilityGlobals) = postSolution
		SolutionGuid = {35B8BF02-DE11-408B-B9AE-DA37DD1BD98A}
	EndGlobalSection
EndGlobal
